{
  "requires": true,
  "lockfileVersion": 1,
  "dependencies": {
    "ionicons": {
      "version": "4.5.5",
      "resolved": "https://registry.npmjs.org/ionicons/-/ionicons-4.5.5.tgz",
      "integrity": "sha512-dIGI73XG6Fg2Ps77ry5Ywe36Pq7wUGkDkl0pBhC4uhsiyoW+oXe+pplmarXEnKEcB5fmlkRrBOxYYzZaoRiUGw=="
    }
  }
}
